
Microsoft Visual Studio Solution File, Format Version 12.00
# Visual Studio Version 16
VisualStudioVersion = 16.0.31129.286
MinimumVisualStudioVersion = 10.0.40219.1
Project("{2150E333-8FDC-42A3-9474-1A3956D46DE8}") = "micro", "micro", "{70164DDB-0A47-4AB0-88FF-40A50DB006F2}"
EndProject
Project("{2150E333-8FDC-42A3-9474-1A3956D46DE8}") = "service", "service", "{E98E6E96-D64F-44CF-9EDA-3AA1D3DA825C}"
EndProject
Project("{9A19103F-16F7-4668-BE54-9A1E7A4F7556}") = "NPlatform.APIGetway", "micro\NPlatform.APIGetway\NPlatform.APIGetway.csproj", "{130E20C7-5626-4B7A-B570-D89BE39FA06E}"
EndProject
Project("{9A19103F-16F7-4668-BE54-9A1E7A4F7556}") = "NPlatform.Domain", "service\NPlatform.Domain\NPlatform.Domain.csproj", "{7BB6DD5F-4CF5-49E9-8575-AD32238ACC7B}"
EndProject
Project("{9A19103F-16F7-4668-BE54-9A1E7A4F7556}") = "NPlatform.Application", "service\NPlatform.Application\NPlatform.Application.csproj", "{5F759F5D-7E46-4665-A1FC-F55360B71B10}"
EndProject
Project("{9A19103F-16F7-4668-BE54-9A1E7A4F7556}") = "NPlatform.VO", "service\NPlatform.VO\NPlatform.VO.csproj", "{C705CF48-4E52-4199-881B-2F6B10F1E090}"
EndProject
Project("{9A19103F-16F7-4668-BE54-9A1E7A4F7556}") = "NPlatform.ComValue", "service\NPlatform.ComValue\NPlatform.ComValue.csproj", "{85CA798B-F097-4093-BC8E-35329DC62A87}"
EndProject
Project("{9A19103F-16F7-4668-BE54-9A1E7A4F7556}") = "NPlatform.Repository", "service\NPlatform.Repository\NPlatform.Repository.csproj", "{E2C4584D-8495-4689-9B98-B4B03A5B5747}"
EndProject
Project("{9A19103F-16F7-4668-BE54-9A1E7A4F7556}") = "NPlatform.UI", "service\NPlatform.UI\NPlatform.UI.csproj", "{1FD07416-0B87-45F8-AC2A-FB6C15E0E199}"
EndProject
Project("{2150E333-8FDC-42A3-9474-1A3956D46DE8}") = "UserInterface", "UserInterface", "{A49550A0-6451-4220-8C41-6B29B9DF7B1D}"
EndProject
Project("{9A19103F-16F7-4668-BE54-9A1E7A4F7556}") = "NPlatform.AppAPI", "service\NPlatform.AppAPI\NPlatform.AppAPI.csproj", "{81394AA7-27FD-4FC1-A37D-CBC02E712CFA}"
EndProject
Project("{9A19103F-16F7-4668-BE54-9A1E7A4F7556}") = "NPlatform.GrpcServe", "micro\NPlatform.GrpcServe\NPlatform.GrpcServe.csproj", "{B6DD1F16-560C-4EC2-832E-3B81A7958ACA}"
EndProject
Global
	GlobalSection(SolutionConfigurationPlatforms) = preSolution
		Debug|Any CPU = Debug|Any CPU
		Release|Any CPU = Release|Any CPU
	EndGlobalSection
	GlobalSection(ProjectConfigurationPlatforms) = postSolution
		{130E20C7-5626-4B7A-B570-D89BE39FA06E}.Debug|Any CPU.ActiveCfg = Debug|Any CPU
		{130E20C7-5626-4B7A-B570-D89BE39FA06E}.Debug|Any CPU.Build.0 = Debug|Any CPU
		{130E20C7-5626-4B7A-B570-D89BE39FA06E}.Release|Any CPU.ActiveCfg = Release|Any CPU
		{130E20C7-5626-4B7A-B570-D89BE39FA06E}.Release|Any CPU.Build.0 = Release|Any CPU
		{7BB6DD5F-4CF5-49E9-8575-AD32238ACC7B}.Debug|Any CPU.ActiveCfg = Debug|Any CPU
		{7BB6DD5F-4CF5-49E9-8575-AD32238ACC7B}.Debug|Any CPU.Build.0 = Debug|Any CPU
		{7BB6DD5F-4CF5-49E9-8575-AD32238ACC7B}.Release|Any CPU.ActiveCfg = Release|Any CPU
		{7BB6DD5F-4CF5-49E9-8575-AD32238ACC7B}.Release|Any CPU.Build.0 = Release|Any CPU
		{5F759F5D-7E46-4665-A1FC-F55360B71B10}.Debug|Any CPU.ActiveCfg = Debug|Any CPU
		{5F759F5D-7E46-4665-A1FC-F55360B71B10}.Debug|Any CPU.Build.0 = Debug|Any CPU
		{5F759F5D-7E46-4665-A1FC-F55360B71B10}.Release|Any CPU.ActiveCfg = Release|Any CPU
		{5F759F5D-7E46-4665-A1FC-F55360B71B10}.Release|Any CPU.Build.0 = Release|Any CPU
		{C705CF48-4E52-4199-881B-2F6B10F1E090}.Debug|Any CPU.ActiveCfg = Debug|Any CPU
		{C705CF48-4E52-4199-881B-2F6B10F1E090}.Debug|Any CPU.Build.0 = Debug|Any CPU
		{C705CF48-4E52-4199-881B-2F6B10F1E090}.Release|Any CPU.ActiveCfg = Release|Any CPU
		{C705CF48-4E52-4199-881B-2F6B10F1E090}.Release|Any CPU.Build.0 = Release|Any CPU
		{85CA798B-F097-4093-BC8E-35329DC62A87}.Debug|Any CPU.ActiveCfg = Debug|Any CPU
		{85CA798B-F097-4093-BC8E-35329DC62A87}.Debug|Any CPU.Build.0 = Debug|Any CPU
		{85CA798B-F097-4093-BC8E-35329DC62A87}.Release|Any CPU.ActiveCfg = Release|Any CPU
		{85CA798B-F097-4093-BC8E-35329DC62A87}.Release|Any CPU.Build.0 = Release|Any CPU
		{E2C4584D-8495-4689-9B98-B4B03A5B5747}.Debug|Any CPU.ActiveCfg = Debug|Any CPU
		{E2C4584D-8495-4689-9B98-B4B03A5B5747}.Debug|Any CPU.Build.0 = Debug|Any CPU
		{E2C4584D-8495-4689-9B98-B4B03A5B5747}.Release|Any CPU.ActiveCfg = Release|Any CPU
		{E2C4584D-8495-4689-9B98-B4B03A5B5747}.Release|Any CPU.Build.0 = Release|Any CPU
		{1FD07416-0B87-45F8-AC2A-FB6C15E0E199}.Debug|Any CPU.ActiveCfg = Debug|Any CPU
		{1FD07416-0B87-45F8-AC2A-FB6C15E0E199}.Debug|Any CPU.Build.0 = Debug|Any CPU
		{1FD07416-0B87-45F8-AC2A-FB6C15E0E199}.Release|Any CPU.ActiveCfg = Release|Any CPU
		{1FD07416-0B87-45F8-AC2A-FB6C15E0E199}.Release|Any CPU.Build.0 = Release|Any CPU
		{81394AA7-27FD-4FC1-A37D-CBC02E712CFA}.Debug|Any CPU.ActiveCfg = Debug|Any CPU
		{81394AA7-27FD-4FC1-A37D-CBC02E712CFA}.Debug|Any CPU.Build.0 = Debug|Any CPU
		{81394AA7-27FD-4FC1-A37D-CBC02E712CFA}.Release|Any CPU.ActiveCfg = Release|Any CPU
		{81394AA7-27FD-4FC1-A37D-CBC02E712CFA}.Release|Any CPU.Build.0 = Release|Any CPU
		{B6DD1F16-560C-4EC2-832E-3B81A7958ACA}.Debug|Any CPU.ActiveCfg = Debug|Any CPU
		{B6DD1F16-560C-4EC2-832E-3B81A7958ACA}.Debug|Any CPU.Build.0 = Debug|Any CPU
		{B6DD1F16-560C-4EC2-832E-3B81A7958ACA}.Release|Any CPU.ActiveCfg = Release|Any CPU
		{B6DD1F16-560C-4EC2-832E-3B81A7958ACA}.Release|Any CPU.Build.0 = Release|Any CPU
	EndGlobalSection
	GlobalSection(SolutionProperties) = preSolution
		HideSolutionNode = FALSE
	EndGlobalSection
	GlobalSection(NestedProjects) = preSolution
		{130E20C7-5626-4B7A-B570-D89BE39FA06E} = {70164DDB-0A47-4AB0-88FF-40A50DB006F2}
		{7BB6DD5F-4CF5-49E9-8575-AD32238ACC7B} = {E98E6E96-D64F-44CF-9EDA-3AA1D3DA825C}
		{5F759F5D-7E46-4665-A1FC-F55360B71B10} = {E98E6E96-D64F-44CF-9EDA-3AA1D3DA825C}
		{C705CF48-4E52-4199-881B-2F6B10F1E090} = {E98E6E96-D64F-44CF-9EDA-3AA1D3DA825C}
		{85CA798B-F097-4093-BC8E-35329DC62A87} = {E98E6E96-D64F-44CF-9EDA-3AA1D3DA825C}
		{E2C4584D-8495-4689-9B98-B4B03A5B5747} = {E98E6E96-D64F-44CF-9EDA-3AA1D3DA825C}
		{1FD07416-0B87-45F8-AC2A-FB6C15E0E199} = {A49550A0-6451-4220-8C41-6B29B9DF7B1D}
		{A49550A0-6451-4220-8C41-6B29B9DF7B1D} = {E98E6E96-D64F-44CF-9EDA-3AA1D3DA825C}
		{81394AA7-27FD-4FC1-A37D-CBC02E712CFA} = {A49550A0-6451-4220-8C41-6B29B9DF7B1D}
		{B6DD1F16-560C-4EC2-832E-3B81A7958ACA} = {70164DDB-0A47-4AB0-88FF-40A50DB006F2}
	EndGlobalSection
	GlobalSection(ExtensibilityGlobals) = postSolution
		SolutionGuid = {A684986A-43C9-48FE-B685-1BCD19ED349F}
	EndGlobalSection
EndGlobal
